// !$*UTF8*$!
{
	archiveVersion = 1;
	classes = {
	};
	objectVersion = 50;
	objects = {

/* Begin PBXBuildFile section */
		6462EF941E64594FDFFCF67D /* Pods_CodingChallengeUITests.framework in Frameworks */ = {isa = PBXBuildFile; fileRef = 994E3529B173D62A0046750F /* Pods_CodingChallengeUITests.framework */; };
		99B63315209E3B1E00FE2E9E /* CodingChallengeTests.swift in Sources */ = {isa = PBXBuildFile; fileRef = 99B63314209E3B1E00FE2E9E /* CodingChallengeTests.swift */; };
		99B63320209E3B1E00FE2E9E /* CodingChallengeUITests.swift in Sources */ = {isa = PBXBuildFile; fileRef = 99B6331F209E3B1E00FE2E9E /* CodingChallengeUITests.swift */; };
		99B6333F209E3BB600FE2E9E /* CodingChallenge.xcdatamodeld in Sources */ = {isa = PBXBuildFile; fileRef = 99B63330209E3BB600FE2E9E /* CodingChallenge.xcdatamodeld */; };
		99B63340209E3BB600FE2E9E /* LaunchScreen.storyboard in Resources */ = {isa = PBXBuildFile; fileRef = 99B63333209E3BB600FE2E9E /* LaunchScreen.storyboard */; };
		99B63341209E3BB600FE2E9E /* Main.storyboard in Resources */ = {isa = PBXBuildFile; fileRef = 99B63335209E3BB600FE2E9E /* Main.storyboard */; };
		99B63342209E3BB600FE2E9E /* Info.plist in Resources */ = {isa = PBXBuildFile; fileRef = 99B63338209E3BB600FE2E9E /* Info.plist */; };
		99B63343209E3BB600FE2E9E /* Assets.xcassets in Resources */ = {isa = PBXBuildFile; fileRef = 99B6333A209E3BB600FE2E9E /* Assets.xcassets */; };
		99B63344209E3BB600FE2E9E /* AppDelegate.swift in Sources */ = {isa = PBXBuildFile; fileRef = 99B6333E209E3BB600FE2E9E /* AppDelegate.swift */; };
		99B6337D209E40B200FE2E9E /* ApplicationConstants.swift in Sources */ = {isa = PBXBuildFile; fileRef = 99B63348209E40B200FE2E9E /* ApplicationConstants.swift */; };
		99B63385209E40B200FE2E9E /* DateFormatter.swift in Sources */ = {isa = PBXBuildFile; fileRef = 99B6335C209E40B200FE2E9E /* DateFormatter.swift */; };
		99B63386209E40B200FE2E9E /* ApplicationButtons.swift in Sources */ = {isa = PBXBuildFile; fileRef = 99B6335E209E40B200FE2E9E /* ApplicationButtons.swift */; };
		99B63387209E40B200FE2E9E /* ApplicationColors.swift in Sources */ = {isa = PBXBuildFile; fileRef = 99B63361209E40B200FE2E9E /* ApplicationColors.swift */; };
		99B63388209E40B200FE2E9E /* NavigationTitleView.swift in Sources */ = {isa = PBXBuildFile; fileRef = 99B63364209E40B200FE2E9E /* NavigationTitleView.swift */; };
		99B63389209E40B200FE2E9E /* ApplicationFonts.swift in Sources */ = {isa = PBXBuildFile; fileRef = 99B63367209E40B200FE2E9E /* ApplicationFonts.swift */; };
		99B6338A209E40B200FE2E9E /* NSLayouts.swift in Sources */ = {isa = PBXBuildFile; fileRef = 99B63369209E40B200FE2E9E /* NSLayouts.swift */; };
		99B6338C209E40B200FE2E9E /* UIDevice.swift in Sources */ = {isa = PBXBuildFile; fileRef = 99B6336E209E40B200FE2E9E /* UIDevice.swift */; };
		99B6338E209E40B200FE2E9E /* ApplicationReachability.swift in Sources */ = {isa = PBXBuildFile; fileRef = 99B63372209E40B200FE2E9E /* ApplicationReachability.swift */; };
		99B6338F209E40B200FE2E9E /* NVActivityIndicator.swift in Sources */ = {isa = PBXBuildFile; fileRef = 99B63374209E40B200FE2E9E /* NVActivityIndicator.swift */; };
		99B63390209E40B200FE2E9E /* ApplicationStrings.swift in Sources */ = {isa = PBXBuildFile; fileRef = 99B63376209E40B200FE2E9E /* ApplicationStrings.swift */; };
		99B63391209E40B200FE2E9E /* ApplicationBarButtonItems.swift in Sources */ = {isa = PBXBuildFile; fileRef = 99B63378209E40B200FE2E9E /* ApplicationBarButtonItems.swift */; };
		99B63393209E40B200FE2E9E /* ApplicationDates.swift in Sources */ = {isa = PBXBuildFile; fileRef = 99B6337C209E40B200FE2E9E /* ApplicationDates.swift */; };
		99B63399209EC87A00FE2E9E /* SelectNameController.swift in Sources */ = {isa = PBXBuildFile; fileRef = 99B63397209EC87A00FE2E9E /* SelectNameController.swift */; };
		99B6339A209EC87A00FE2E9E /* SelectNameController.xib in Resources */ = {isa = PBXBuildFile; fileRef = 99B63398209EC87A00FE2E9E /* SelectNameController.xib */; };
		99B6339C209EC89300FE2E9E /* SelectNameView.swift in Sources */ = {isa = PBXBuildFile; fileRef = 99B6339B209EC89300FE2E9E /* SelectNameView.swift */; };
		99B6339E209ECA0000FE2E9E /* AppNavigation.swift in Sources */ = {isa = PBXBuildFile; fileRef = 99B6339D209ECA0000FE2E9E /* AppNavigation.swift */; };
		99B633A7209ECD4800FE2E9E /* ListJokesController.swift in Sources */ = {isa = PBXBuildFile; fileRef = 99B633A5209ECD4800FE2E9E /* ListJokesController.swift */; };
		99B633A8209ECD4800FE2E9E /* ListJokesController.xib in Resources */ = {isa = PBXBuildFile; fileRef = 99B633A6209ECD4800FE2E9E /* ListJokesController.xib */; };
		99B633AA209ECD5D00FE2E9E /* ListJokesView.swift in Sources */ = {isa = PBXBuildFile; fileRef = 99B633A9209ECD5D00FE2E9E /* ListJokesView.swift */; };
		99B633AC209ECD6E00FE2E9E /* ListJokesHandler.swift in Sources */ = {isa = PBXBuildFile; fileRef = 99B633AB209ECD6E00FE2E9E /* ListJokesHandler.swift */; };
		99B633AF209ECD9100FE2E9E /* ListJokesDatasource.swift in Sources */ = {isa = PBXBuildFile; fileRef = 99B633AE209ECD9100FE2E9E /* ListJokesDatasource.swift */; };
		99B633B3209ECDBB00FE2E9E /* ListJokesCell.swift in Sources */ = {isa = PBXBuildFile; fileRef = 99B633B1209ECDBB00FE2E9E /* ListJokesCell.swift */; };
		99B633B4209ECDBB00FE2E9E /* ListJokesCell.xib in Resources */ = {isa = PBXBuildFile; fileRef = 99B633B2209ECDBB00FE2E9E /* ListJokesCell.xib */; };
		99B633C9209ED3DD00FE2E9E /* NetworkConstants.swift in Sources */ = {isa = PBXBuildFile; fileRef = 99B633B7209ED3DC00FE2E9E /* NetworkConstants.swift */; };
		99B633CA209ED3DD00FE2E9E /* OnebyteNetworkSessionManager.swift in Sources */ = {isa = PBXBuildFile; fileRef = 99B633BE209ED3DC00FE2E9E /* OnebyteNetworkSessionManager.swift */; };
		99B633CB209ED3DD00FE2E9E /* OnebyteNetworkOperationQueue.swift in Sources */ = {isa = PBXBuildFile; fileRef = 99B633C1209ED3DC00FE2E9E /* OnebyteNetworkOperationQueue.swift */; };
		99B633CC209ED3DD00FE2E9E /* OnebyteNetworkOperationBase.swift in Sources */ = {isa = PBXBuildFile; fileRef = 99B633C3209ED3DC00FE2E9E /* OnebyteNetworkOperationBase.swift */; };
		99B633CD209ED3DD00FE2E9E /* OnebyteNetworkOperationBase+Subclassing.swift in Sources */ = {isa = PBXBuildFile; fileRef = 99B633C4209ED3DC00FE2E9E /* OnebyteNetworkOperationBase+Subclassing.swift */; };
		99B633CE209ED3DD00FE2E9E /* AppNetworkManager.swift in Sources */ = {isa = PBXBuildFile; fileRef = 99B633C6209ED3DC00FE2E9E /* AppNetworkManager.swift */; };
		99B633CF209ED3DD00FE2E9E /* OnebyteNetworkRequest.swift in Sources */ = {isa = PBXBuildFile; fileRef = 99B633C8209ED3DC00FE2E9E /* OnebyteNetworkRequest.swift */; };
		99B633D2209ED5D300FE2E9E /* GetAllJokesOperation.swift in Sources */ = {isa = PBXBuildFile; fileRef = 99B633D1209ED5D300FE2E9E /* GetAllJokesOperation.swift */; };
		99B633D6209EDD4000FE2E9E /* Value.swift in Sources */ = {isa = PBXBuildFile; fileRef = 99B633D4209EDD4000FE2E9E /* Value.swift */; };
		99B633D7209EDD4000FE2E9E /* JokesRootResponse.swift in Sources */ = {isa = PBXBuildFile; fileRef = 99B633D5209EDD4000FE2E9E /* JokesRootResponse.swift */; };
		99B633DE20A040A500FE2E9E /* ApplicationTextfields.swift in Sources */ = {isa = PBXBuildFile; fileRef = 99B633DD20A040A500FE2E9E /* ApplicationTextfields.swift */; };
		B94ADA411AC4F9F25EEB4734 /* Pods_CodingChallenge.framework in Frameworks */ = {isa = PBXBuildFile; fileRef = A56CC8C4F2D71F8BC0A419DD /* Pods_CodingChallenge.framework */; };
		C304069D4B66148B4B52F98B /* Pods_CodingChallengeTests.framework in Frameworks */ = {isa = PBXBuildFile; fileRef = 3B56CB5010458B3F2E185A91 /* Pods_CodingChallengeTests.framework */; };
/* End PBXBuildFile section */

/* Begin PBXContainerItemProxy section */
		99B63311209E3B1E00FE2E9E /* PBXContainerItemProxy */ = {
			isa = PBXContainerItemProxy;
			containerPortal = 99B632F1209E3B1C00FE2E9E /* Project object */;
			proxyType = 1;
			remoteGlobalIDString = 99B632F8209E3B1C00FE2E9E;
			remoteInfo = CodingChallenge;
		};
		99B6331C209E3B1E00FE2E9E /* PBXContainerItemProxy */ = {
			isa = PBXContainerItemProxy;
			containerPortal = 99B632F1209E3B1C00FE2E9E /* Project object */;
			proxyType = 1;
			remoteGlobalIDString = 99B632F8209E3B1C00FE2E9E;
			remoteInfo = CodingChallenge;
		};
/* End PBXContainerItemProxy section */

/* Begin PBXFileReference section */
		1A30ED65C58C0B5AFE2EE634 /* Pods-CodingChallengeUITests.debug.xcconfig */ = {isa = PBXFileReference; includeInIndex = 1; lastKnownFileType = text.xcconfig; name = "Pods-CodingChallengeUITests.debug.xcconfig"; path = "Pods/Target Support Files/Pods-CodingChallengeUITests/Pods-CodingChallengeUITests.debug.xcconfig"; sourceTree = "<group>"; };
		3B56CB5010458B3F2E185A91 /* Pods_CodingChallengeTests.framework */ = {isa = PBXFileReference; explicitFileType = wrapper.framework; includeInIndex = 0; path = Pods_CodingChallengeTests.framework; sourceTree = BUILT_PRODUCTS_DIR; };
		488F7EB1FB20D6E9B8F831E3 /* Pods-CodingChallenge.debug.xcconfig */ = {isa = PBXFileReference; includeInIndex = 1; lastKnownFileType = text.xcconfig; name = "Pods-CodingChallenge.debug.xcconfig"; path = "Pods/Target Support Files/Pods-CodingChallenge/Pods-CodingChallenge.debug.xcconfig"; sourceTree = "<group>"; };
		516C1C0374FEC6A5F884594A /* Pods-CodingChallengeUITests.release.xcconfig */ = {isa = PBXFileReference; includeInIndex = 1; lastKnownFileType = text.xcconfig; name = "Pods-CodingChallengeUITests.release.xcconfig"; path = "Pods/Target Support Files/Pods-CodingChallengeUITests/Pods-CodingChallengeUITests.release.xcconfig"; sourceTree = "<group>"; };
		53F2CF3614BC3B94769076D0 /* Pods-CodingChallenge.release.xcconfig */ = {isa = PBXFileReference; includeInIndex = 1; lastKnownFileType = text.xcconfig; name = "Pods-CodingChallenge.release.xcconfig"; path = "Pods/Target Support Files/Pods-CodingChallenge/Pods-CodingChallenge.release.xcconfig"; sourceTree = "<group>"; };
		994E3529B173D62A0046750F /* Pods_CodingChallengeUITests.framework */ = {isa = PBXFileReference; explicitFileType = wrapper.framework; includeInIndex = 0; path = Pods_CodingChallengeUITests.framework; sourceTree = BUILT_PRODUCTS_DIR; };
		99B632F9209E3B1D00FE2E9E /* CodingChallenge.app */ = {isa = PBXFileReference; explicitFileType = wrapper.application; includeInIndex = 0; path = CodingChallenge.app; sourceTree = BUILT_PRODUCTS_DIR; };
		99B63310209E3B1E00FE2E9E /* CodingChallengeTests.xctest */ = {isa = PBXFileReference; explicitFileType = wrapper.cfbundle; includeInIndex = 0; path = CodingChallengeTests.xctest; sourceTree = BUILT_PRODUCTS_DIR; };
		99B63314209E3B1E00FE2E9E /* CodingChallengeTests.swift */ = {isa = PBXFileReference; lastKnownFileType = sourcecode.swift; path = CodingChallengeTests.swift; sourceTree = "<group>"; };
		99B63316209E3B1E00FE2E9E /* Info.plist */ = {isa = PBXFileReference; lastKnownFileType = text.plist.xml; path = Info.plist; sourceTree = "<group>"; };
		99B6331B209E3B1E00FE2E9E /* CodingChallengeUITests.xctest */ = {isa = PBXFileReference; explicitFileType = wrapper.cfbundle; includeInIndex = 0; path = CodingChallengeUITests.xctest; sourceTree = BUILT_PRODUCTS_DIR; };
		99B6331F209E3B1E00FE2E9E /* CodingChallengeUITests.swift */ = {isa = PBXFileReference; lastKnownFileType = sourcecode.swift; path = CodingChallengeUITests.swift; sourceTree = "<group>"; };
		99B63321209E3B1E00FE2E9E /* Info.plist */ = {isa = PBXFileReference; lastKnownFileType = text.plist.xml; path = Info.plist; sourceTree = "<group>"; };
		99B63331209E3BB600FE2E9E /* CodingChallenge.xcdatamodel */ = {isa = PBXFileReference; lastKnownFileType = wrapper.xcdatamodel; path = CodingChallenge.xcdatamodel; sourceTree = "<group>"; };
		99B63334209E3BB600FE2E9E /* Base */ = {isa = PBXFileReference; lastKnownFileType = file.storyboard; name = Base; path = Base.lproj/LaunchScreen.storyboard; sourceTree = "<group>"; };
		99B63336209E3BB600FE2E9E /* Base */ = {isa = PBXFileReference; lastKnownFileType = file.storyboard; name = Base; path = Base.lproj/Main.storyboard; sourceTree = "<group>"; };
		99B63338209E3BB600FE2E9E /* Info.plist */ = {isa = PBXFileReference; fileEncoding = 4; lastKnownFileType = text.plist.xml; path = Info.plist; sourceTree = "<group>"; };
		99B6333A209E3BB600FE2E9E /* Assets.xcassets */ = {isa = PBXFileReference; lastKnownFileType = folder.assetcatalog; path = Assets.xcassets; sourceTree = "<group>"; };
		99B6333E209E3BB600FE2E9E /* AppDelegate.swift */ = {isa = PBXFileReference; fileEncoding = 4; lastKnownFileType = sourcecode.swift; path = AppDelegate.swift; sourceTree = "<group>"; };
		99B63348209E40B200FE2E9E /* ApplicationConstants.swift */ = {isa = PBXFileReference; fileEncoding = 4; lastKnownFileType = sourcecode.swift; path = ApplicationConstants.swift; sourceTree = "<group>"; };
		99B6335C209E40B200FE2E9E /* DateFormatter.swift */ = {isa = PBXFileReference; fileEncoding = 4; lastKnownFileType = sourcecode.swift; path = DateFormatter.swift; sourceTree = "<group>"; };
		99B6335E209E40B200FE2E9E /* ApplicationButtons.swift */ = {isa = PBXFileReference; fileEncoding = 4; lastKnownFileType = sourcecode.swift; path = ApplicationButtons.swift; sourceTree = "<group>"; };
		99B63361209E40B200FE2E9E /* ApplicationColors.swift */ = {isa = PBXFileReference; fileEncoding = 4; lastKnownFileType = sourcecode.swift; path = ApplicationColors.swift; sourceTree = "<group>"; };
		99B63364209E40B200FE2E9E /* NavigationTitleView.swift */ = {isa = PBXFileReference; fileEncoding = 4; lastKnownFileType = sourcecode.swift; path = NavigationTitleView.swift; sourceTree = "<group>"; };
		99B63367209E40B200FE2E9E /* ApplicationFonts.swift */ = {isa = PBXFileReference; fileEncoding = 4; lastKnownFileType = sourcecode.swift; path = ApplicationFonts.swift; sourceTree = "<group>"; };
		99B63369209E40B200FE2E9E /* NSLayouts.swift */ = {isa = PBXFileReference; fileEncoding = 4; lastKnownFileType = sourcecode.swift; path = NSLayouts.swift; sourceTree = "<group>"; };
		99B6336E209E40B200FE2E9E /* UIDevice.swift */ = {isa = PBXFileReference; fileEncoding = 4; lastKnownFileType = sourcecode.swift; path = UIDevice.swift; sourceTree = "<group>"; };
		99B63372209E40B200FE2E9E /* ApplicationReachability.swift */ = {isa = PBXFileReference; fileEncoding = 4; lastKnownFileType = sourcecode.swift; path = ApplicationReachability.swift; sourceTree = "<group>"; };
		99B63374209E40B200FE2E9E /* NVActivityIndicator.swift */ = {isa = PBXFileReference; fileEncoding = 4; lastKnownFileType = sourcecode.swift; path = NVActivityIndicator.swift; sourceTree = "<group>"; };
		99B63376209E40B200FE2E9E /* ApplicationStrings.swift */ = {isa = PBXFileReference; fileEncoding = 4; lastKnownFileType = sourcecode.swift; path = ApplicationStrings.swift; sourceTree = "<group>"; };
		99B63378209E40B200FE2E9E /* ApplicationBarButtonItems.swift */ = {isa = PBXFileReference; fileEncoding = 4; lastKnownFileType = sourcecode.swift; path = ApplicationBarButtonItems.swift; sourceTree = "<group>"; };
		99B6337C209E40B200FE2E9E /* ApplicationDates.swift */ = {isa = PBXFileReference; fileEncoding = 4; lastKnownFileType = sourcecode.swift; path = ApplicationDates.swift; sourceTree = "<group>"; };
		99B63397209EC87A00FE2E9E /* SelectNameController.swift */ = {isa = PBXFileReference; lastKnownFileType = sourcecode.swift; path = SelectNameController.swift; sourceTree = "<group>"; };
		99B63398209EC87A00FE2E9E /* SelectNameController.xib */ = {isa = PBXFileReference; lastKnownFileType = file.xib; path = SelectNameController.xib; sourceTree = "<group>"; };
		99B6339B209EC89300FE2E9E /* SelectNameView.swift */ = {isa = PBXFileReference; lastKnownFileType = sourcecode.swift; path = SelectNameView.swift; sourceTree = "<group>"; };
		99B6339D209ECA0000FE2E9E /* AppNavigation.swift */ = {isa = PBXFileReference; lastKnownFileType = sourcecode.swift; path = AppNavigation.swift; sourceTree = "<group>"; };
		99B633A5209ECD4800FE2E9E /* ListJokesController.swift */ = {isa = PBXFileReference; lastKnownFileType = sourcecode.swift; path = ListJokesController.swift; sourceTree = "<group>"; };
		99B633A6209ECD4800FE2E9E /* ListJokesController.xib */ = {isa = PBXFileReference; lastKnownFileType = file.xib; path = ListJokesController.xib; sourceTree = "<group>"; };
		99B633A9209ECD5D00FE2E9E /* ListJokesView.swift */ = {isa = PBXFileReference; lastKnownFileType = sourcecode.swift; path = ListJokesView.swift; sourceTree = "<group>"; };
		99B633AB209ECD6E00FE2E9E /* ListJokesHandler.swift */ = {isa = PBXFileReference; lastKnownFileType = sourcecode.swift; path = ListJokesHandler.swift; sourceTree = "<group>"; };
		99B633AE209ECD9100FE2E9E /* ListJokesDatasource.swift */ = {isa = PBXFileReference; lastKnownFileType = sourcecode.swift; path = ListJokesDatasource.swift; sourceTree = "<group>"; };
		99B633B1209ECDBB00FE2E9E /* ListJokesCell.swift */ = {isa = PBXFileReference; lastKnownFileType = sourcecode.swift; path = ListJokesCell.swift; sourceTree = "<group>"; };
		99B633B2209ECDBB00FE2E9E /* ListJokesCell.xib */ = {isa = PBXFileReference; lastKnownFileType = file.xib; path = ListJokesCell.xib; sourceTree = "<group>"; };
		99B633B7209ED3DC00FE2E9E /* NetworkConstants.swift */ = {isa = PBXFileReference; fileEncoding = 4; lastKnownFileType = sourcecode.swift; path = NetworkConstants.swift; sourceTree = "<group>"; };
		99B633BE209ED3DC00FE2E9E /* OnebyteNetworkSessionManager.swift */ = {isa = PBXFileReference; fileEncoding = 4; lastKnownFileType = sourcecode.swift; path = OnebyteNetworkSessionManager.swift; sourceTree = "<group>"; };
		99B633C1209ED3DC00FE2E9E /* OnebyteNetworkOperationQueue.swift */ = {isa = PBXFileReference; fileEncoding = 4; lastKnownFileType = sourcecode.swift; path = OnebyteNetworkOperationQueue.swift; sourceTree = "<group>"; };
		99B633C3209ED3DC00FE2E9E /* OnebyteNetworkOperationBase.swift */ = {isa = PBXFileReference; fileEncoding = 4; lastKnownFileType = sourcecode.swift; path = OnebyteNetworkOperationBase.swift; sourceTree = "<group>"; };
		99B633C4209ED3DC00FE2E9E /* OnebyteNetworkOperationBase+Subclassing.swift */ = {isa = PBXFileReference; fileEncoding = 4; lastKnownFileType = sourcecode.swift; path = "OnebyteNetworkOperationBase+Subclassing.swift"; sourceTree = "<group>"; };
		99B633C6209ED3DC00FE2E9E /* AppNetworkManager.swift */ = {isa = PBXFileReference; fileEncoding = 4; lastKnownFileType = sourcecode.swift; path = AppNetworkManager.swift; sourceTree = "<group>"; };
		99B633C8209ED3DC00FE2E9E /* OnebyteNetworkRequest.swift */ = {isa = PBXFileReference; fileEncoding = 4; lastKnownFileType = sourcecode.swift; path = OnebyteNetworkRequest.swift; sourceTree = "<group>"; };
		99B633D1209ED5D300FE2E9E /* GetAllJokesOperation.swift */ = {isa = PBXFileReference; lastKnownFileType = sourcecode.swift; path = GetAllJokesOperation.swift; sourceTree = "<group>"; };
		99B633D4209EDD4000FE2E9E /* Value.swift */ = {isa = PBXFileReference; fileEncoding = 4; lastKnownFileType = sourcecode.swift; path = Value.swift; sourceTree = "<group>"; };
		99B633D5209EDD4000FE2E9E /* JokesRootResponse.swift */ = {isa = PBXFileReference; fileEncoding = 4; lastKnownFileType = sourcecode.swift; path = JokesRootResponse.swift; sourceTree = "<group>"; };
		99B633DD20A040A500FE2E9E /* ApplicationTextfields.swift */ = {isa = PBXFileReference; fileEncoding = 4; lastKnownFileType = sourcecode.swift; path = ApplicationTextfields.swift; sourceTree = "<group>"; };
		A56CC8C4F2D71F8BC0A419DD /* Pods_CodingChallenge.framework */ = {isa = PBXFileReference; explicitFileType = wrapper.framework; includeInIndex = 0; path = Pods_CodingChallenge.framework; sourceTree = BUILT_PRODUCTS_DIR; };
		F02D7BCF4B7F1D613798C31D /* Pods-CodingChallengeTests.release.xcconfig */ = {isa = PBXFileReference; includeInIndex = 1; lastKnownFileType = text.xcconfig; name = "Pods-CodingChallengeTests.release.xcconfig"; path = "Pods/Target Support Files/Pods-CodingChallengeTests/Pods-CodingChallengeTests.release.xcconfig"; sourceTree = "<group>"; };
		F203E477B51064E374ABE684 /* Pods-CodingChallengeTests.debug.xcconfig */ = {isa = PBXFileReference; includeInIndex = 1; lastKnownFileType = text.xcconfig; name = "Pods-CodingChallengeTests.debug.xcconfig"; path = "Pods/Target Support Files/Pods-CodingChallengeTests/Pods-CodingChallengeTests.debug.xcconfig"; sourceTree = "<group>"; };
/* End PBXFileReference section */

/* Begin PBXFrameworksBuildPhase section */
		99B632F6209E3B1C00FE2E9E /* Frameworks */ = {
			isa = PBXFrameworksBuildPhase;
			buildActionMask = 2147483647;
			files = (
				B94ADA411AC4F9F25EEB4734 /* Pods_CodingChallenge.framework in Frameworks */,
			);
			runOnlyForDeploymentPostprocessing = 0;
		};
		99B6330D209E3B1E00FE2E9E /* Frameworks */ = {
			isa = PBXFrameworksBuildPhase;
			buildActionMask = 2147483647;
			files = (
				C304069D4B66148B4B52F98B /* Pods_CodingChallengeTests.framework in Frameworks */,
			);
			runOnlyForDeploymentPostprocessing = 0;
		};
		99B63318209E3B1E00FE2E9E /* Frameworks */ = {
			isa = PBXFrameworksBuildPhase;
			buildActionMask = 2147483647;
			files = (
				6462EF941E64594FDFFCF67D /* Pods_CodingChallengeUITests.framework in Frameworks */,
			);
			runOnlyForDeploymentPostprocessing = 0;
		};
/* End PBXFrameworksBuildPhase section */

/* Begin PBXGroup section */
		11E59094A7C9F949CD8DB27E /* Pods */ = {
			isa = PBXGroup;
			children = (
				488F7EB1FB20D6E9B8F831E3 /* Pods-CodingChallenge.debug.xcconfig */,
				53F2CF3614BC3B94769076D0 /* Pods-CodingChallenge.release.xcconfig */,
				F203E477B51064E374ABE684 /* Pods-CodingChallengeTests.debug.xcconfig */,
				F02D7BCF4B7F1D613798C31D /* Pods-CodingChallengeTests.release.xcconfig */,
				1A30ED65C58C0B5AFE2EE634 /* Pods-CodingChallengeUITests.debug.xcconfig */,
				516C1C0374FEC6A5F884594A /* Pods-CodingChallengeUITests.release.xcconfig */,
			);
			name = Pods;
			sourceTree = "<group>";
		};
		99B632F0209E3B1C00FE2E9E = {
			isa = PBXGroup;
			children = (
				99B632FB209E3B1D00FE2E9E /* CodingChallenge */,
				99B63313209E3B1E00FE2E9E /* CodingChallengeTests */,
				99B6331E209E3B1E00FE2E9E /* CodingChallengeUITests */,
				99B632FA209E3B1D00FE2E9E /* Products */,
				11E59094A7C9F949CD8DB27E /* Pods */,
				FCBB77989622BD52572C3331 /* Frameworks */,
			);
			sourceTree = "<group>";
		};
		99B632FA209E3B1D00FE2E9E /* Products */ = {
			isa = PBXGroup;
			children = (
				99B632F9209E3B1D00FE2E9E /* CodingChallenge.app */,
				99B63310209E3B1E00FE2E9E /* CodingChallengeTests.xctest */,
				99B6331B209E3B1E00FE2E9E /* CodingChallengeUITests.xctest */,
			);
			name = Products;
			sourceTree = "<group>";
		};
		99B632FB209E3B1D00FE2E9E /* CodingChallenge */ = {
			isa = PBXGroup;
			children = (
				99B6332D209E3BB600FE2E9E /* Classes */,
			);
			path = CodingChallenge;
			sourceTree = "<group>";
		};
		99B63313209E3B1E00FE2E9E /* CodingChallengeTests */ = {
			isa = PBXGroup;
			children = (
				99B63314209E3B1E00FE2E9E /* CodingChallengeTests.swift */,
				99B63316209E3B1E00FE2E9E /* Info.plist */,
			);
			path = CodingChallengeTests;
			sourceTree = "<group>";
		};
		99B6331E209E3B1E00FE2E9E /* CodingChallengeUITests */ = {
			isa = PBXGroup;
			children = (
				99B6331F209E3B1E00FE2E9E /* CodingChallengeUITests.swift */,
				99B63321209E3B1E00FE2E9E /* Info.plist */,
			);
			path = CodingChallengeUITests;
			sourceTree = "<group>";
		};
		99B6332D209E3BB600FE2E9E /* Classes */ = {
			isa = PBXGroup;
			children = (
				99B633B5209ED3DC00FE2E9E /* Network */,
				99B63346209E40B200FE2E9E /* Helpers */,
				99B6332E209E3BB600FE2E9E /* Resources */,
				99B6333B209E3BB600FE2E9E /* ViewControllers */,
				99B6333C209E3BB600FE2E9E /* AppDelegate */,
			);
			path = Classes;
			sourceTree = "<group>";
		};
		99B6332E209E3BB600FE2E9E /* Resources */ = {
			isa = PBXGroup;
			children = (
				99B6332F209E3BB600FE2E9E /* Databases */,
				99B63332209E3BB600FE2E9E /* Storyboard */,
				99B63337209E3BB600FE2E9E /* ProjectPlist */,
				99B63339209E3BB600FE2E9E /* Assets */,
			);
			path = Resources;
			sourceTree = "<group>";
		};
		99B6332F209E3BB600FE2E9E /* Databases */ = {
			isa = PBXGroup;
			children = (
				99B63330209E3BB600FE2E9E /* CodingChallenge.xcdatamodeld */,
			);
			path = Databases;
			sourceTree = "<group>";
		};
		99B63332209E3BB600FE2E9E /* Storyboard */ = {
			isa = PBXGroup;
			children = (
				99B63333209E3BB600FE2E9E /* LaunchScreen.storyboard */,
				99B63335209E3BB600FE2E9E /* Main.storyboard */,
			);
			path = Storyboard;
			sourceTree = "<group>";
		};
		99B63337209E3BB600FE2E9E /* ProjectPlist */ = {
			isa = PBXGroup;
			children = (
				99B63338209E3BB600FE2E9E /* Info.plist */,
			);
			path = ProjectPlist;
			sourceTree = "<group>";
		};
		99B63339209E3BB600FE2E9E /* Assets */ = {
			isa = PBXGroup;
			children = (
				99B6333A209E3BB600FE2E9E /* Assets.xcassets */,
			);
			path = Assets;
			sourceTree = "<group>";
		};
		99B6333B209E3BB600FE2E9E /* ViewControllers */ = {
			isa = PBXGroup;
			children = (
				99B633A0209ECD0200FE2E9E /* ListJokesController */,
				99B6339F209ECCF400FE2E9E /* SelectNameController */,
			);
			path = ViewControllers;
			sourceTree = "<group>";
		};
		99B6333C209E3BB600FE2E9E /* AppDelegate */ = {
			isa = PBXGroup;
			children = (
				99B63345209E404C00FE2E9E /* AppNavigation */,
				99B6333D209E3BB600FE2E9E /* Root */,
			);
			path = AppDelegate;
			sourceTree = "<group>";
		};
		99B6333D209E3BB600FE2E9E /* Root */ = {
			isa = PBXGroup;
			children = (
				99B6333E209E3BB600FE2E9E /* AppDelegate.swift */,
			);
			path = Root;
			sourceTree = "<group>";
		};
		99B63345209E404C00FE2E9E /* AppNavigation */ = {
			isa = PBXGroup;
			children = (
				99B6339D209ECA0000FE2E9E /* AppNavigation.swift */,
			);
			path = AppNavigation;
			sourceTree = "<group>";
		};
		99B63346209E40B200FE2E9E /* Helpers */ = {
			isa = PBXGroup;
			children = (
				99B633D8209EFE1D00FE2E9E /* ThirdParties */,
				99B63347209E40B200FE2E9E /* Constants */,
				99B63359209E40B200FE2E9E /* Extensions */,
			);
			path = Helpers;
			sourceTree = "<group>";
		};
		99B63347209E40B200FE2E9E /* Constants */ = {
			isa = PBXGroup;
			children = (
				99B63348209E40B200FE2E9E /* ApplicationConstants.swift */,
			);
			path = Constants;
			sourceTree = "<group>";
		};
		99B63359209E40B200FE2E9E /* Extensions */ = {
			isa = PBXGroup;
			children = (
				99B633DC20A040A500FE2E9E /* UITextfield */,
				99B6335B209E40B200FE2E9E /* DateFormatter */,
				99B6335D209E40B200FE2E9E /* UIButton */,
				99B63360209E40B200FE2E9E /* UIColor */,
				99B63363209E40B200FE2E9E /* UIView */,
				99B63366209E40B200FE2E9E /* UIFont */,
				99B63368209E40B200FE2E9E /* NSLayouts */,
				99B6336D209E40B200FE2E9E /* UIDevice */,
				99B63371209E40B200FE2E9E /* Reachability */,
				99B63373209E40B200FE2E9E /* NVActivityIndicator */,
				99B63375209E40B200FE2E9E /* String */,
				99B63377209E40B200FE2E9E /* UIBarButtonItems */,
				99B6337B209E40B200FE2E9E /* NSDate */,
			);
			path = Extensions;
			sourceTree = "<group>";
		};
		99B6335B209E40B200FE2E9E /* DateFormatter */ = {
			isa = PBXGroup;
			children = (
				99B6335C209E40B200FE2E9E /* DateFormatter.swift */,
			);
			path = DateFormatter;
			sourceTree = "<group>";
		};
		99B6335D209E40B200FE2E9E /* UIButton */ = {
			isa = PBXGroup;
			children = (
				99B6335E209E40B200FE2E9E /* ApplicationButtons.swift */,
			);
			path = UIButton;
			sourceTree = "<group>";
		};
		99B63360209E40B200FE2E9E /* UIColor */ = {
			isa = PBXGroup;
			children = (
				99B63361209E40B200FE2E9E /* ApplicationColors.swift */,
			);
			path = UIColor;
			sourceTree = "<group>";
		};
		99B63363209E40B200FE2E9E /* UIView */ = {
			isa = PBXGroup;
			children = (
				99B63364209E40B200FE2E9E /* NavigationTitleView.swift */,
			);
			path = UIView;
			sourceTree = "<group>";
		};
		99B63366209E40B200FE2E9E /* UIFont */ = {
			isa = PBXGroup;
			children = (
				99B63367209E40B200FE2E9E /* ApplicationFonts.swift */,
			);
			path = UIFont;
			sourceTree = "<group>";
		};
		99B63368209E40B200FE2E9E /* NSLayouts */ = {
			isa = PBXGroup;
			children = (
				99B63369209E40B200FE2E9E /* NSLayouts.swift */,
			);
			path = NSLayouts;
			sourceTree = "<group>";
		};
		99B6336D209E40B200FE2E9E /* UIDevice */ = {
			isa = PBXGroup;
			children = (
				99B6336E209E40B200FE2E9E /* UIDevice.swift */,
			);
			path = UIDevice;
			sourceTree = "<group>";
		};
		99B63371209E40B200FE2E9E /* Reachability */ = {
			isa = PBXGroup;
			children = (
				99B63372209E40B200FE2E9E /* ApplicationReachability.swift */,
			);
			path = Reachability;
			sourceTree = "<group>";
		};
		99B63373209E40B200FE2E9E /* NVActivityIndicator */ = {
			isa = PBXGroup;
			children = (
				99B63374209E40B200FE2E9E /* NVActivityIndicator.swift */,
			);
			path = NVActivityIndicator;
			sourceTree = "<group>";
		};
		99B63375209E40B200FE2E9E /* String */ = {
			isa = PBXGroup;
			children = (
				99B63376209E40B200FE2E9E /* ApplicationStrings.swift */,
			);
			path = String;
			sourceTree = "<group>";
		};
		99B63377209E40B200FE2E9E /* UIBarButtonItems */ = {
			isa = PBXGroup;
			children = (
				99B63378209E40B200FE2E9E /* ApplicationBarButtonItems.swift */,
			);
			path = UIBarButtonItems;
			sourceTree = "<group>";
		};
		99B6337B209E40B200FE2E9E /* NSDate */ = {
			isa = PBXGroup;
			children = (
				99B6337C209E40B200FE2E9E /* ApplicationDates.swift */,
			);
			path = NSDate;
			sourceTree = "<group>";
		};
		99B63394209EC81C00FE2E9E /* Controller */ = {
			isa = PBXGroup;
			children = (
				99B63397209EC87A00FE2E9E /* SelectNameController.swift */,
				99B63398209EC87A00FE2E9E /* SelectNameController.xib */,
			);
			path = Controller;
			sourceTree = "<group>";
		};
		99B63395209EC82E00FE2E9E /* View */ = {
			isa = PBXGroup;
			children = (
				99B6339B209EC89300FE2E9E /* SelectNameView.swift */,
			);
			path = View;
			sourceTree = "<group>";
		};
		99B6339F209ECCF400FE2E9E /* SelectNameController */ = {
			isa = PBXGroup;
			children = (
				99B63395209EC82E00FE2E9E /* View */,
				99B63394209EC81C00FE2E9E /* Controller */,
			);
			path = SelectNameController;
			sourceTree = "<group>";
		};
		99B633A0209ECD0200FE2E9E /* ListJokesController */ = {
			isa = PBXGroup;
			children = (
				99B633A4209ECD3700FE2E9E /* Handler */,
				99B633A3209ECD2D00FE2E9E /* Datasource */,
				99B633A2209ECD2800FE2E9E /* View */,
				99B633A1209ECD2100FE2E9E /* Controller */,
			);
			path = ListJokesController;
			sourceTree = "<group>";
		};
		99B633A1209ECD2100FE2E9E /* Controller */ = {
			isa = PBXGroup;
			children = (
				99B633A5209ECD4800FE2E9E /* ListJokesController.swift */,
				99B633A6209ECD4800FE2E9E /* ListJokesController.xib */,
			);
			path = Controller;
			sourceTree = "<group>";
		};
		99B633A2209ECD2800FE2E9E /* View */ = {
			isa = PBXGroup;
			children = (
				99B633A9209ECD5D00FE2E9E /* ListJokesView.swift */,
			);
			path = View;
			sourceTree = "<group>";
		};
		99B633A3209ECD2D00FE2E9E /* Datasource */ = {
			isa = PBXGroup;
			children = (
				99B633B0209ECD9900FE2E9E /* CustomCells */,
				99B633AD209ECD7B00FE2E9E /* DatasourceDelegate */,
			);
			path = Datasource;
			sourceTree = "<group>";
		};
		99B633A4209ECD3700FE2E9E /* Handler */ = {
			isa = PBXGroup;
			children = (
				99B633AB209ECD6E00FE2E9E /* ListJokesHandler.swift */,
			);
			path = Handler;
			sourceTree = "<group>";
		};
		99B633AD209ECD7B00FE2E9E /* DatasourceDelegate */ = {
			isa = PBXGroup;
			children = (
				99B633AE209ECD9100FE2E9E /* ListJokesDatasource.swift */,
			);
			path = DatasourceDelegate;
			sourceTree = "<group>";
		};
		99B633B0209ECD9900FE2E9E /* CustomCells */ = {
			isa = PBXGroup;
			children = (
				99B633B1209ECDBB00FE2E9E /* ListJokesCell.swift */,
				99B633B2209ECDBB00FE2E9E /* ListJokesCell.xib */,
			);
			path = CustomCells;
			sourceTree = "<group>";
		};
		99B633B5209ED3DC00FE2E9E /* Network */ = {
			isa = PBXGroup;
			children = (
				99B633B6209ED3DC00FE2E9E /* NetworkConstants */,
				99B633B8209ED3DC00FE2E9E /* Operations */,
				99B633B9209ED3DC00FE2E9E /* ResponseObjects */,
				99B633BA209ED3DC00FE2E9E /* OnebyteSwiftNetworkCycle */,
			);
			path = Network;
			sourceTree = "<group>";
		};
		99B633B6209ED3DC00FE2E9E /* NetworkConstants */ = {
			isa = PBXGroup;
			children = (
				99B633B7209ED3DC00FE2E9E /* NetworkConstants.swift */,
			);
			path = NetworkConstants;
			sourceTree = "<group>";
		};
		99B633B8209ED3DC00FE2E9E /* Operations */ = {
			isa = PBXGroup;
			children = (
				99B633D0209ED52C00FE2E9E /* GetAllJokes */,
			);
			path = Operations;
			sourceTree = "<group>";
		};
		99B633B9209ED3DC00FE2E9E /* ResponseObjects */ = {
			isa = PBXGroup;
			children = (
				99B633D3209EDD4000FE2E9E /* JokesRootResponse */,
			);
			path = ResponseObjects;
			sourceTree = "<group>";
		};
		99B633BA209ED3DC00FE2E9E /* OnebyteSwiftNetworkCycle */ = {
			isa = PBXGroup;
			children = (
				99B633BB209ED3DC00FE2E9E /* Classes */,
			);
			path = OnebyteSwiftNetworkCycle;
			sourceTree = "<group>";
		};
		99B633BB209ED3DC00FE2E9E /* Classes */ = {
			isa = PBXGroup;
			children = (
				99B633BC209ED3DC00FE2E9E /* OnebyteNetwork */,
			);
			path = Classes;
			sourceTree = "<group>";
		};
		99B633BC209ED3DC00FE2E9E /* OnebyteNetwork */ = {
			isa = PBXGroup;
			children = (
				99B633BD209ED3DC00FE2E9E /* Managers */,
				99B633BF209ED3DC00FE2E9E /* Operations */,
				99B633C5209ED3DC00FE2E9E /* Manager */,
				99B633C7209ED3DC00FE2E9E /* Request */,
			);
			path = OnebyteNetwork;
			sourceTree = "<group>";
		};
		99B633BD209ED3DC00FE2E9E /* Managers */ = {
			isa = PBXGroup;
			children = (
				99B633BE209ED3DC00FE2E9E /* OnebyteNetworkSessionManager.swift */,
			);
			path = Managers;
			sourceTree = "<group>";
		};
		99B633BF209ED3DC00FE2E9E /* Operations */ = {
			isa = PBXGroup;
			children = (
				99B633C0209ED3DC00FE2E9E /* Queue */,
				99B633C2209ED3DC00FE2E9E /* Base */,
			);
			path = Operations;
			sourceTree = "<group>";
		};
		99B633C0209ED3DC00FE2E9E /* Queue */ = {
			isa = PBXGroup;
			children = (
				99B633C1209ED3DC00FE2E9E /* OnebyteNetworkOperationQueue.swift */,
			);
			path = Queue;
			sourceTree = "<group>";
		};
		99B633C2209ED3DC00FE2E9E /* Base */ = {
			isa = PBXGroup;
			children = (
				99B633C3209ED3DC00FE2E9E /* OnebyteNetworkOperationBase.swift */,
				99B633C4209ED3DC00FE2E9E /* OnebyteNetworkOperationBase+Subclassing.swift */,
			);
			path = Base;
			sourceTree = "<group>";
		};
		99B633C5209ED3DC00FE2E9E /* Manager */ = {
			isa = PBXGroup;
			children = (
				99B633C6209ED3DC00FE2E9E /* AppNetworkManager.swift */,
			);
			path = Manager;
			sourceTree = "<group>";
		};
		99B633C7209ED3DC00FE2E9E /* Request */ = {
			isa = PBXGroup;
			children = (
				99B633C8209ED3DC00FE2E9E /* OnebyteNetworkRequest.swift */,
			);
			path = Request;
			sourceTree = "<group>";
		};
		99B633D0209ED52C00FE2E9E /* GetAllJokes */ = {
			isa = PBXGroup;
			children = (
				99B633D1209ED5D300FE2E9E /* GetAllJokesOperation.swift */,
			);
			path = GetAllJokes;
			sourceTree = "<group>";
		};
		99B633D3209EDD4000FE2E9E /* JokesRootResponse */ = {
			isa = PBXGroup;
			children = (
				99B633D4209EDD4000FE2E9E /* Value.swift */,
				99B633D5209EDD4000FE2E9E /* JokesRootResponse.swift */,
			);
			path = JokesRootResponse;
			sourceTree = "<group>";
		};
		99B633D8209EFE1D00FE2E9E /* ThirdParties */ = {
			isa = PBXGroup;
			children = (
			);
			path = ThirdParties;
			sourceTree = "<group>";
		};
		99B633DC20A040A500FE2E9E /* UITextfield */ = {
			isa = PBXGroup;
			children = (
				99B633DD20A040A500FE2E9E /* ApplicationTextfields.swift */,
			);
			path = UITextfield;
			sourceTree = "<group>";
		};
		FCBB77989622BD52572C3331 /* Frameworks */ = {
			isa = PBXGroup;
			children = (
				A56CC8C4F2D71F8BC0A419DD /* Pods_CodingChallenge.framework */,
				3B56CB5010458B3F2E185A91 /* Pods_CodingChallengeTests.framework */,
				994E3529B173D62A0046750F /* Pods_CodingChallengeUITests.framework */,
			);
			name = Frameworks;
			sourceTree = "<group>";
		};
/* End PBXGroup section */

/* Begin PBXNativeTarget section */
		99B632F8209E3B1C00FE2E9E /* CodingChallenge */ = {
			isa = PBXNativeTarget;
			buildConfigurationList = 99B63324209E3B1E00FE2E9E /* Build configuration list for PBXNativeTarget "CodingChallenge" */;
			buildPhases = (
				309D76697A19547A81E0EDB4 /* [CP] Check Pods Manifest.lock */,
				99B632F5209E3B1C00FE2E9E /* Sources */,
				99B632F6209E3B1C00FE2E9E /* Frameworks */,
				99B632F7209E3B1C00FE2E9E /* Resources */,
				278F1E1702742D9E1B0B8EC0 /* [CP] Embed Pods Frameworks */,
			);
			buildRules = (
			);
			dependencies = (
			);
			name = CodingChallenge;
			productName = CodingChallenge;
			productReference = 99B632F9209E3B1D00FE2E9E /* CodingChallenge.app */;
			productType = "com.apple.product-type.application";
		};
		99B6330F209E3B1E00FE2E9E /* CodingChallengeTests */ = {
			isa = PBXNativeTarget;
			buildConfigurationList = 99B63327209E3B1E00FE2E9E /* Build configuration list for PBXNativeTarget "CodingChallengeTests" */;
			buildPhases = (
				261E7F7048DA847EFB532FDB /* [CP] Check Pods Manifest.lock */,
				99B6330C209E3B1E00FE2E9E /* Sources */,
				99B6330D209E3B1E00FE2E9E /* Frameworks */,
				99B6330E209E3B1E00FE2E9E /* Resources */,
			);
			buildRules = (
			);
			dependencies = (
				99B63312209E3B1E00FE2E9E /* PBXTargetDependency */,
			);
			name = CodingChallengeTests;
			productName = CodingChallengeTests;
			productReference = 99B63310209E3B1E00FE2E9E /* CodingChallengeTests.xctest */;
			productType = "com.apple.product-type.bundle.unit-test";
		};
		99B6331A209E3B1E00FE2E9E /* CodingChallengeUITests */ = {
			isa = PBXNativeTarget;
			buildConfigurationList = 99B6332A209E3B1E00FE2E9E /* Build configuration list for PBXNativeTarget "CodingChallengeUITests" */;
			buildPhases = (
				A74BC6291183B28552FA38F6 /* [CP] Check Pods Manifest.lock */,
				99B63317209E3B1E00FE2E9E /* Sources */,
				99B63318209E3B1E00FE2E9E /* Frameworks */,
				99B63319209E3B1E00FE2E9E /* Resources */,
			);
			buildRules = (
			);
			dependencies = (
				99B6331D209E3B1E00FE2E9E /* PBXTargetDependency */,
			);
			name = CodingChallengeUITests;
			productName = CodingChallengeUITests;
			productReference = 99B6331B209E3B1E00FE2E9E /* CodingChallengeUITests.xctest */;
			productType = "com.apple.product-type.bundle.ui-testing";
		};
/* End PBXNativeTarget section */

/* Begin PBXProject section */
		99B632F1209E3B1C00FE2E9E /* Project object */ = {
			isa = PBXProject;
			attributes = {
				LastSwiftUpdateCheck = 0930;
				LastUpgradeCheck = 0930;
				ORGANIZATIONNAME = iDevz;
				TargetAttributes = {
					99B632F8209E3B1C00FE2E9E = {
						CreatedOnToolsVersion = 9.3;
					};
					99B6330F209E3B1E00FE2E9E = {
						CreatedOnToolsVersion = 9.3;
						TestTargetID = 99B632F8209E3B1C00FE2E9E;
					};
					99B6331A209E3B1E00FE2E9E = {
						CreatedOnToolsVersion = 9.3;
						TestTargetID = 99B632F8209E3B1C00FE2E9E;
					};
				};
			};
			buildConfigurationList = 99B632F4209E3B1C00FE2E9E /* Build configuration list for PBXProject "CodingChallenge" */;
			compatibilityVersion = "Xcode 9.3";
			developmentRegion = en;
			hasScannedForEncodings = 0;
			knownRegions = (
				en,
				Base,
			);
			mainGroup = 99B632F0209E3B1C00FE2E9E;
			productRefGroup = 99B632FA209E3B1D00FE2E9E /* Products */;
			projectDirPath = "";
			projectRoot = "";
			targets = (
				99B632F8209E3B1C00FE2E9E /* CodingChallenge */,
				99B6330F209E3B1E00FE2E9E /* CodingChallengeTests */,
				99B6331A209E3B1E00FE2E9E /* CodingChallengeUITests */,
			);
		};
/* End PBXProject section */

/* Begin PBXResourcesBuildPhase section */
		99B632F7209E3B1C00FE2E9E /* Resources */ = {
			isa = PBXResourcesBuildPhase;
			buildActionMask = 2147483647;
			files = (
				99B633A8209ECD4800FE2E9E /* ListJokesController.xib in Resources */,
				99B6339A209EC87A00FE2E9E /* SelectNameController.xib in Resources */,
				99B63340209E3BB600FE2E9E /* LaunchScreen.storyboard in Resources */,
				99B63341209E3BB600FE2E9E /* Main.storyboard in Resources */,
				99B63343209E3BB600FE2E9E /* Assets.xcassets in Resources */,
				99B63342209E3BB600FE2E9E /* Info.plist in Resources */,
				99B633B4209ECDBB00FE2E9E /* ListJokesCell.xib in Resources */,
			);
			runOnlyForDeploymentPostprocessing = 0;
		};
		99B6330E209E3B1E00FE2E9E /* Resources */ = {
			isa = PBXResourcesBuildPhase;
			buildActionMask = 2147483647;
			files = (
			);
			runOnlyForDeploymentPostprocessing = 0;
		};
		99B63319209E3B1E00FE2E9E /* Resources */ = {
			isa = PBXResourcesBuildPhase;
			buildActionMask = 2147483647;
			files = (
			);
			runOnlyForDeploymentPostprocessing = 0;
		};
/* End PBXResourcesBuildPhase section */

/* Begin PBXShellScriptBuildPhase section */
		261E7F7048DA847EFB532FDB /* [CP] Check Pods Manifest.lock */ = {
			isa = PBXShellScriptBuildPhase;
			buildActionMask = 2147483647;
			files = (
			);
			inputPaths = (
				"${PODS_PODFILE_DIR_PATH}/Podfile.lock",
				"${PODS_ROOT}/Manifest.lock",
			);
			name = "[CP] Check Pods Manifest.lock";
			outputPaths = (
				"$(DERIVED_FILE_DIR)/Pods-CodingChallengeTests-checkManifestLockResult.txt",
			);
			runOnlyForDeploymentPostprocessing = 0;
			shellPath = /bin/sh;
			shellScript = "diff \"${PODS_PODFILE_DIR_PATH}/Podfile.lock\" \"${PODS_ROOT}/Manifest.lock\" > /dev/null\nif [ $? != 0 ] ; then\n    # print error to STDERR\n    echo \"error: The sandbox is not in sync with the Podfile.lock. Run 'pod install' or update your CocoaPods installation.\" >&2\n    exit 1\nfi\n# This output is used by Xcode 'outputs' to avoid re-running this script phase.\necho \"SUCCESS\" > \"${SCRIPT_OUTPUT_FILE_0}\"\n";
			showEnvVarsInLog = 0;
		};
		278F1E1702742D9E1B0B8EC0 /* [CP] Embed Pods Frameworks */ = {
			isa = PBXShellScriptBuildPhase;
			buildActionMask = 2147483647;
			files = (
			);
			inputPaths = (
				"${SRCROOT}/Pods/Target Support Files/Pods-CodingChallenge/Pods-CodingChallenge-frameworks.sh",
				"${BUILT_PRODUCTS_DIR}/Alamofire/Alamofire.framework",
				"${BUILT_PRODUCTS_DIR}/IQKeyboardManagerSwift/IQKeyboardManagerSwift.framework",
				"${BUILT_PRODUCTS_DIR}/NVActivityIndicatorView/NVActivityIndicatorView.framework",
				"${BUILT_PRODUCTS_DIR}/ReachabilitySwift/Reachability.framework",
				"${BUILT_PRODUCTS_DIR}/SwiftyJSON/SwiftyJSON.framework",
			);
			name = "[CP] Embed Pods Frameworks";
			outputPaths = (
				"${TARGET_BUILD_DIR}/${FRAMEWORKS_FOLDER_PATH}/Alamofire.framework",
				"${TARGET_BUILD_DIR}/${FRAMEWORKS_FOLDER_PATH}/IQKeyboardManagerSwift.framework",
				"${TARGET_BUILD_DIR}/${FRAMEWORKS_FOLDER_PATH}/NVActivityIndicatorView.framework",
				"${TARGET_BUILD_DIR}/${FRAMEWORKS_FOLDER_PATH}/Reachability.framework",
				"${TARGET_BUILD_DIR}/${FRAMEWORKS_FOLDER_PATH}/SwiftyJSON.framework",
			);
			runOnlyForDeploymentPostprocessing = 0;
			shellPath = /bin/sh;
			shellScript = "\"${SRCROOT}/Pods/Target Support Files/Pods-CodingChallenge/Pods-CodingChallenge-frameworks.sh\"\n";
			showEnvVarsInLog = 0;
		};
		309D76697A19547A81E0EDB4 /* [CP] Check Pods Manifest.lock */ = {
			isa = PBXShellScriptBuildPhase;
			buildActionMask = 2147483647;
			files = (
			);
			inputPaths = (
				"${PODS_PODFILE_DIR_PATH}/Podfile.lock",
				"${PODS_ROOT}/Manifest.lock",
			);
			name = "[CP] Check Pods Manifest.lock";
			outputPaths = (
				"$(DERIVED_FILE_DIR)/Pods-CodingChallenge-checkManifestLockResult.txt",
			);
			runOnlyForDeploymentPostprocessing = 0;
			shellPath = /bin/sh;
			shellScript = "diff \"${PODS_PODFILE_DIR_PATH}/Podfile.lock\" \"${PODS_ROOT}/Manifest.lock\" > /dev/null\nif [ $? != 0 ] ; then\n    # print error to STDERR\n    echo \"error: The sandbox is not in sync with the Podfile.lock. Run 'pod install' or update your CocoaPods installation.\" >&2\n    exit 1\nfi\n# This output is used by Xcode 'outputs' to avoid re-running this script phase.\necho \"SUCCESS\" > \"${SCRIPT_OUTPUT_FILE_0}\"\n";
			showEnvVarsInLog = 0;
		};
		A74BC6291183B28552FA38F6 /* [CP] Check Pods Manifest.lock */ = {
			isa = PBXShellScriptBuildPhase;
			buildActionMask = 2147483647;
			files = (
			);
			inputPaths = (
				"${PODS_PODFILE_DIR_PATH}/Podfile.lock",
				"${PODS_ROOT}/Manifest.lock",
			);
			name = "[CP] Check Pods Manifest.lock";
			outputPaths = (
				"$(DERIVED_FILE_DIR)/Pods-CodingChallengeUITests-checkManifestLockResult.txt",
			);
			runOnlyForDeploymentPostprocessing = 0;
			shellPath = /bin/sh;
			shellScript = "diff \"${PODS_PODFILE_DIR_PATH}/Podfile.lock\" \"${PODS_ROOT}/Manifest.lock\" > /dev/null\nif [ $? != 0 ] ; then\n    # print error to STDERR\n    echo \"error: The sandbox is not in sync with the Podfile.lock. Run 'pod install' or update your CocoaPods installation.\" >&2\n    exit 1\nfi\n# This output is used by Xcode 'outputs' to avoid re-running this script phase.\necho \"SUCCESS\" > \"${SCRIPT_OUTPUT_FILE_0}\"\n";
			showEnvVarsInLog = 0;
		};
/* End PBXShellScriptBuildPhase section */

/* Begin PBXSourcesBuildPhase section */
		99B632F5209E3B1C00FE2E9E /* Sources */ = {
			isa = PBXSourcesBuildPhase;
			buildActionMask = 2147483647;
			files = (
				99B633C9209ED3DD00FE2E9E /* NetworkConstants.swift in Sources */,
				99B633CB209ED3DD00FE2E9E /* OnebyteNetworkOperationQueue.swift in Sources */,
				99B63393209E40B200FE2E9E /* ApplicationDates.swift in Sources */,
				99B633D7209EDD4000FE2E9E /* JokesRootResponse.swift in Sources */,
				99B633D6209EDD4000FE2E9E /* Value.swift in Sources */,
				99B633AA209ECD5D00FE2E9E /* ListJokesView.swift in Sources */,
				99B63385209E40B200FE2E9E /* DateFormatter.swift in Sources */,
				99B63391209E40B200FE2E9E /* ApplicationBarButtonItems.swift in Sources */,
				99B633DE20A040A500FE2E9E /* ApplicationTextfields.swift in Sources */,
				99B63344209E3BB600FE2E9E /* AppDelegate.swift in Sources */,
				99B6338A209E40B200FE2E9E /* NSLayouts.swift in Sources */,
				99B633AC209ECD6E00FE2E9E /* ListJokesHandler.swift in Sources */,
				99B63390209E40B200FE2E9E /* ApplicationStrings.swift in Sources */,
				99B633CA209ED3DD00FE2E9E /* OnebyteNetworkSessionManager.swift in Sources */,
				99B63386209E40B200FE2E9E /* ApplicationButtons.swift in Sources */,
				99B633D2209ED5D300FE2E9E /* GetAllJokesOperation.swift in Sources */,
				99B633AF209ECD9100FE2E9E /* ListJokesDatasource.swift in Sources */,
				99B6339C209EC89300FE2E9E /* SelectNameView.swift in Sources */,
				99B6338E209E40B200FE2E9E /* ApplicationReachability.swift in Sources */,
				99B633A7209ECD4800FE2E9E /* ListJokesController.swift in Sources */,
				99B6338C209E40B200FE2E9E /* UIDevice.swift in Sources */,
				99B633CE209ED3DD00FE2E9E /* AppNetworkManager.swift in Sources */,
				99B63387209E40B200FE2E9E /* ApplicationColors.swift in Sources */,
				99B63399209EC87A00FE2E9E /* SelectNameController.swift in Sources */,
				99B633B3209ECDBB00FE2E9E /* ListJokesCell.swift in Sources */,
				99B6333F209E3BB600FE2E9E /* CodingChallenge.xcdatamodeld in Sources */,
				99B633CD209ED3DD00FE2E9E /* OnebyteNetworkOperationBase+Subclassing.swift in Sources */,
				99B6337D209E40B200FE2E9E /* ApplicationConstants.swift in Sources */,
				99B63388209E40B200FE2E9E /* NavigationTitleView.swift in Sources */,
				99B633CC209ED3DD00FE2E9E /* OnebyteNetworkOperationBase.swift in Sources */,
				99B6339E209ECA0000FE2E9E /* AppNavigation.swift in Sources */,
				99B633CF209ED3DD00FE2E9E /* OnebyteNetworkRequest.swift in Sources */,
				99B6338F209E40B200FE2E9E /* NVActivityIndicator.swift in Sources */,
				99B63389209E40B200FE2E9E /* ApplicationFonts.swift in Sources */,
			);
			runOnlyForDeploymentPostprocessing = 0;
		};
		99B6330C209E3B1E00FE2E9E /* Sources */ = {
			isa = PBXSourcesBuildPhase;
			buildActionMask = 2147483647;
			files = (
				99B63315209E3B1E00FE2E9E /* CodingChallengeTests.swift in Sources */,
			);
			runOnlyForDeploymentPostprocessing = 0;
		};
		99B63317209E3B1E00FE2E9E /* Sources */ = {
			isa = PBXSourcesBuildPhase;
			buildActionMask = 2147483647;
			files = (
				99B63320209E3B1E00FE2E9E /* CodingChallengeUITests.swift in Sources */,
			);
			runOnlyForDeploymentPostprocessing = 0;
		};
/* End PBXSourcesBuildPhase section */

/* Begin PBXTargetDependency section */
		99B63312209E3B1E00FE2E9E /* PBXTargetDependency */ = {
			isa = PBXTargetDependency;
			target = 99B632F8209E3B1C00FE2E9E /* CodingChallenge */;
			targetProxy = 99B63311209E3B1E00FE2E9E /* PBXContainerItemProxy */;
		};
		99B6331D209E3B1E00FE2E9E /* PBXTargetDependency */ = {
			isa = PBXTargetDependency;
			target = 99B632F8209E3B1C00FE2E9E /* CodingChallenge */;
			targetProxy = 99B6331C209E3B1E00FE2E9E /* PBXContainerItemProxy */;
		};
/* End PBXTargetDependency section */

/* Begin PBXVariantGroup section */
		99B63333209E3BB600FE2E9E /* LaunchScreen.storyboard */ = {
			isa = PBXVariantGroup;
			children = (
				99B63334209E3BB600FE2E9E /* Base */,
			);
			name = LaunchScreen.storyboard;
			sourceTree = "<group>";
		};
		99B63335209E3BB600FE2E9E /* Main.storyboard */ = {
			isa = PBXVariantGroup;
			children = (
				99B63336209E3BB600FE2E9E /* Base */,
			);
			name = Main.storyboard;
			sourceTree = "<group>";
		};
/* End PBXVariantGroup section */

/* Begin XCBuildConfiguration section */
		99B63322209E3B1E00FE2E9E /* Debug */ = {
			isa = XCBuildConfiguration;
			buildSettings = {
				ALWAYS_SEARCH_USER_PATHS = NO;
				CLANG_ANALYZER_NONNULL = YES;
				CLANG_ANALYZER_NUMBER_OBJECT_CONVERSION = YES_AGGRESSIVE;
				CLANG_CXX_LANGUAGE_STANDARD = "gnu++14";
				CLANG_CXX_LIBRARY = "libc++";
				CLANG_ENABLE_MODULES = YES;
				CLANG_ENABLE_OBJC_ARC = YES;
				CLANG_ENABLE_OBJC_WEAK = YES;
				CLANG_WARN_BLOCK_CAPTURE_AUTORELEASING = YES;
				CLANG_WARN_BOOL_CONVERSION = YES;
				CLANG_WARN_COMMA = YES;
				CLANG_WARN_CONSTANT_CONVERSION = YES;
				CLANG_WARN_DEPRECATED_OBJC_IMPLEMENTATIONS = YES;
				CLANG_WARN_DIRECT_OBJC_ISA_USAGE = YES_ERROR;
				CLANG_WARN_DOCUMENTATION_COMMENTS = YES;
				CLANG_WARN_EMPTY_BODY = YES;
				CLANG_WARN_ENUM_CONVERSION = YES;
				CLANG_WARN_INFINITE_RECURSION = YES;
				CLANG_WARN_INT_CONVERSION = YES;
				CLANG_WARN_NON_LITERAL_NULL_CONVERSION = YES;
				CLANG_WARN_OBJC_IMPLICIT_RETAIN_SELF = YES;
				CLANG_WARN_OBJC_LITERAL_CONVERSION = YES;
				CLANG_WARN_OBJC_ROOT_CLASS = YES_ERROR;
				CLANG_WARN_RANGE_LOOP_ANALYSIS = YES;
				CLANG_WARN_STRICT_PROTOTYPES = YES;
				CLANG_WARN_SUSPICIOUS_MOVE = YES;
				CLANG_WARN_UNGUARDED_AVAILABILITY = YES_AGGRESSIVE;
				CLANG_WARN_UNREACHABLE_CODE = YES;
				CLANG_WARN__DUPLICATE_METHOD_MATCH = YES;
				CODE_SIGN_IDENTITY = "iPhone Developer";
				COPY_PHASE_STRIP = NO;
				DEBUG_INFORMATION_FORMAT = dwarf;
				ENABLE_STRICT_OBJC_MSGSEND = YES;
				ENABLE_TESTABILITY = YES;
				GCC_C_LANGUAGE_STANDARD = gnu11;
				GCC_DYNAMIC_NO_PIC = NO;
				GCC_NO_COMMON_BLOCKS = YES;
				GCC_OPTIMIZATION_LEVEL = 0;
				GCC_PREPROCESSOR_DEFINITIONS = (
					"DEBUG=1",
					"$(inherited)",
				);
				GCC_WARN_64_TO_32_BIT_CONVERSION = YES;
				GCC_WARN_ABOUT_RETURN_TYPE = YES_ERROR;
				GCC_WARN_UNDECLARED_SELECTOR = YES;
				GCC_WARN_UNINITIALIZED_AUTOS = YES_AGGRESSIVE;
				GCC_WARN_UNUSED_FUNCTION = YES;
				GCC_WARN_UNUSED_VARIABLE = YES;
				IPHONEOS_DEPLOYMENT_TARGET = 11.3;
				MTL_ENABLE_DEBUG_INFO = YES;
				ONLY_ACTIVE_ARCH = YES;
				SDKROOT = iphoneos;
				SWIFT_ACTIVE_COMPILATION_CONDITIONS = DEBUG;
				SWIFT_OPTIMIZATION_LEVEL = "-Onone";
			};
			name = Debug;
		};
		99B63323209E3B1E00FE2E9E /* Release */ = {
			isa = XCBuildConfiguration;
			buildSettings = {
				ALWAYS_SEARCH_USER_PATHS = NO;
				CLANG_ANALYZER_NONNULL = YES;
				CLANG_ANALYZER_NUMBER_OBJECT_CONVERSION = YES_AGGRESSIVE;
				CLANG_CXX_LANGUAGE_STANDARD = "gnu++14";
				CLANG_CXX_LIBRARY = "libc++";
				CLANG_ENABLE_MODULES = YES;
				CLANG_ENABLE_OBJC_ARC = YES;
				CLANG_ENABLE_OBJC_WEAK = YES;
				CLANG_WARN_BLOCK_CAPTURE_AUTORELEASING = YES;
				CLANG_WARN_BOOL_CONVERSION = YES;
				CLANG_WARN_COMMA = YES;
				CLANG_WARN_CONSTANT_CONVERSION = YES;
				CLANG_WARN_DEPRECATED_OBJC_IMPLEMENTATIONS = YES;
				CLANG_WARN_DIRECT_OBJC_ISA_USAGE = YES_ERROR;
				CLANG_WARN_DOCUMENTATION_COMMENTS = YES;
				CLANG_WARN_EMPTY_BODY = YES;
				CLANG_WARN_ENUM_CONVERSION = YES;
				CLANG_WARN_INFINITE_RECURSION = YES;
				CLANG_WARN_INT_CONVERSION = YES;
				CLANG_WARN_NON_LITERAL_NULL_CONVERSION = YES;
				CLANG_WARN_OBJC_IMPLICIT_RETAIN_SELF = YES;
				CLANG_WARN_OBJC_LITERAL_CONVERSION = YES;
				CLANG_WARN_OBJC_ROOT_CLASS = YES_ERROR;
				CLANG_WARN_RANGE_LOOP_ANALYSIS = YES;
				CLANG_WARN_STRICT_PROTOTYPES = YES;
				CLANG_WARN_SUSPICIOUS_MOVE = YES;
				CLANG_WARN_UNGUARDED_AVAILABILITY = YES_AGGRESSIVE;
				CLANG_WARN_UNREACHABLE_CODE = YES;
				CLANG_WARN__DUPLICATE_METHOD_MATCH = YES;
				CODE_SIGN_IDENTITY = "iPhone Developer";
				COPY_PHASE_STRIP = NO;
				DEBUG_INFORMATION_FORMAT = "dwarf-with-dsym";
				ENABLE_NS_ASSERTIONS = NO;
				ENABLE_STRICT_OBJC_MSGSEND = YES;
				GCC_C_LANGUAGE_STANDARD = gnu11;
				GCC_NO_COMMON_BLOCKS = YES;
				GCC_WARN_64_TO_32_BIT_CONVERSION = YES;
				GCC_WARN_ABOUT_RETURN_TYPE = YES_ERROR;
				GCC_WARN_UNDECLARED_SELECTOR = YES;
				GCC_WARN_UNINITIALIZED_AUTOS = YES_AGGRESSIVE;
				GCC_WARN_UNUSED_FUNCTION = YES;
				GCC_WARN_UNUSED_VARIABLE = YES;
				IPHONEOS_DEPLOYMENT_TARGET = 11.3;
				MTL_ENABLE_DEBUG_INFO = NO;
				SDKROOT = iphoneos;
				SWIFT_COMPILATION_MODE = wholemodule;
				SWIFT_OPTIMIZATION_LEVEL = "-O";
				VALIDATE_PRODUCT = YES;
			};
			name = Release;
		};
		99B63325209E3B1E00FE2E9E /* Debug */ = {
			isa = XCBuildConfiguration;
			baseConfigurationReference = 488F7EB1FB20D6E9B8F831E3 /* Pods-CodingChallenge.debug.xcconfig */;
			buildSettings = {
				ASSETCATALOG_COMPILER_APPICON_NAME = AppIcon;
				CODE_SIGN_STYLE = Automatic;
				DEVELOPMENT_TEAM = Y4978WDCX2;
				INFOPLIST_FILE = "$(SRCROOT)/CodingChallenge/Classes/Resources/ProjectPlist/Info.plist";
				LD_RUNPATH_SEARCH_PATHS = "$(inherited) @executable_path/Frameworks";
				PRODUCT_BUNDLE_IDENTIFIER = com.idevz.CodingChallenge;
				PRODUCT_NAME = "$(TARGET_NAME)";
				SWIFT_VERSION = 4.0;
				TARGETED_DEVICE_FAMILY = 1;
			};
			name = Debug;
		};
		99B63326209E3B1E00FE2E9E /* Release */ = {
			isa = XCBuildConfiguration;
			baseConfigurationReference = 53F2CF3614BC3B94769076D0 /* Pods-CodingChallenge.release.xcconfig */;
			buildSettings = {
				ASSETCATALOG_COMPILER_APPICON_NAME = AppIcon;
				CODE_SIGN_STYLE = Automatic;
				DEVELOPMENT_TEAM = Y4978WDCX2;
				INFOPLIST_FILE = "$(SRCROOT)/CodingChallenge/Classes/Resources/ProjectPlist/Info.plist";
				LD_RUNPATH_SEARCH_PATHS = "$(inherited) @executable_path/Frameworks";
				PRODUCT_BUNDLE_IDENTIFIER = com.idevz.CodingChallenge;
				PRODUCT_NAME = "$(TARGET_NAME)";
				SWIFT_VERSION = 4.0;
				TARGETED_DEVICE_FAMILY = 1;
			};
			name = Release;
		};
		99B63328209E3B1E00FE2E9E /* Debug */ = {
			isa = XCBuildConfiguration;
			baseConfigurationReference = F203E477B51064E374ABE684 /* Pods-CodingChallengeTests.debug.xcconfig */;
			buildSettings = {
				ALWAYS_EMBED_SWIFT_STANDARD_LIBRARIES = YES;
				BUNDLE_LOADER = "$(TEST_HOST)";
				CODE_SIGN_STYLE = Automatic;
				DEVELOPMENT_TEAM = Y4978WDCX2;
				INFOPLIST_FILE = CodingChallengeTests/Info.plist;
				LD_RUNPATH_SEARCH_PATHS = "$(inherited) @executable_path/Frameworks @loader_path/Frameworks";
				PRODUCT_BUNDLE_IDENTIFIER = com.idevz.CodingChallengeTests;
				PRODUCT_NAME = "$(TARGET_NAME)";
				SWIFT_VERSION = 4.0;
				TARGETED_DEVICE_FAMILY = "1,2";
				TEST_HOST = "$(BUILT_PRODUCTS_DIR)/CodingChallenge.app/CodingChallenge";
			};
			name = Debug;
		};
		99B63329209E3B1E00FE2E9E /* Release */ = {
			isa = XCBuildConfiguration;
			baseConfigurationReference = F02D7BCF4B7F1D613798C31D /* Pods-CodingChallengeTests.release.xcconfig */;
			buildSettings = {
				ALWAYS_EMBED_SWIFT_STANDARD_LIBRARIES = YES;
				BUNDLE_LOADER = "$(TEST_HOST)";
				CODE_SIGN_STYLE = Automatic;
				DEVELOPMENT_TEAM = Y4978WDCX2;
				INFOPLIST_FILE = CodingChallengeTests/Info.plist;
				LD_RUNPATH_SEARCH_PATHS = "$(inherited) @executable_path/Frameworks @loader_path/Frameworks";
				PRODUCT_BUNDLE_IDENTIFIER = com.idevz.CodingChallengeTests;
				PRODUCT_NAME = "$(TARGET_NAME)";
				SWIFT_VERSION = 4.0;
				TARGETED_DEVICE_FAMILY = "1,2";
				TEST_HOST = "$(BUILT_PRODUCTS_DIR)/CodingChallenge.app/CodingChallenge";
			};
			name = Release;
		};
		99B6332B209E3B1E00FE2E9E /* Debug */ = {
			isa = XCBuildConfiguration;
			baseConfigurationReference = 1A30ED65C58C0B5AFE2EE634 /* Pods-CodingChallengeUITests.debug.xcconfig */;
			buildSettings = {
				ALWAYS_EMBED_SWIFT_STANDARD_LIBRARIES = YES;
				CODE_SIGN_STYLE = Automatic;
				DEVELOPMENT_TEAM = Y4978WDCX2;
				INFOPLIST_FILE = CodingChallengeUITests/Info.plist;
				LD_RUNPATH_SEARCH_PATHS = "$(inherited) @executable_path/Frameworks @loader_path/Frameworks";
				PRODUCT_BUNDLE_IDENTIFIER = com.idevz.CodingChallengeUITests;
				PRODUCT_NAME = "$(TARGET_NAME)";
				SWIFT_VERSION = 4.0;
				TARGETED_DEVICE_FAMILY = "1,2";
				TEST_TARGET_NAME = CodingChallenge;
			};
			name = Debug;
		};
		99B6332C209E3B1E00FE2E9E /* Release */ = {
			isa = XCBuildConfiguration;
			baseConfigurationReference = 516C1C0374FEC6A5F884594A /* Pods-CodingChallengeUITests.release.xcconfig */;
			buildSettings = {
				ALWAYS_EMBED_SWIFT_STANDARD_LIBRARIES = YES;
				CODE_SIGN_STYLE = Automatic;
				DEVELOPMENT_TEAM = Y4978WDCX2;
				INFOPLIST_FILE = CodingChallengeUITests/Info.plist;
				LD_RUNPATH_SEARCH_PATHS = "$(inherited) @executable_path/Frameworks @loader_path/Frameworks";
				PRODUCT_BUNDLE_IDENTIFIER = com.idevz.CodingChallengeUITests;
				PRODUCT_NAME = "$(TARGET_NAME)";
				SWIFT_VERSION = 4.0;
				TARGETED_DEVICE_FAMILY = "1,2";
				TEST_TARGET_NAME = CodingChallenge;
			};
			name = Release;
		};
/* End XCBuildConfiguration section */

/* Begin XCConfigurationList section */
		99B632F4209E3B1C00FE2E9E /* Build configuration list for PBXProject "CodingChallenge" */ = {
			isa = XCConfigurationList;
			buildConfigurations = (
				99B63322209E3B1E00FE2E9E /* Debug */,
				99B63323209E3B1E00FE2E9E /* Release */,
			);
			defaultConfigurationIsVisible = 0;
			defaultConfigurationName = Release;
		};
		99B63324209E3B1E00FE2E9E /* Build configuration list for PBXNativeTarget "CodingChallenge" */ = {
			isa = XCConfigurationList;
			buildConfigurations = (
				99B63325209E3B1E00FE2E9E /* Debug */,
				99B63326209E3B1E00FE2E9E /* Release */,
			);
			defaultConfigurationIsVisible = 0;
			defaultConfigurationName = Release;
		};
		99B63327209E3B1E00FE2E9E /* Build configuration list for PBXNativeTarget "CodingChallengeTests" */ = {
			isa = XCConfigurationList;
			buildConfigurations = (
				99B63328209E3B1E00FE2E9E /* Debug */,
				99B63329209E3B1E00FE2E9E /* Release */,
			);
			defaultConfigurationIsVisible = 0;
			defaultConfigurationName = Release;
		};
		99B6332A209E3B1E00FE2E9E /* Build configuration list for PBXNativeTarget "CodingChallengeUITests" */ = {
			isa = XCConfigurationList;
			buildConfigurations = (
				99B6332B209E3B1E00FE2E9E /* Debug */,
				99B6332C209E3B1E00FE2E9E /* Release */,
			);
			defaultConfigurationIsVisible = 0;
			defaultConfigurationName = Release;
		};
/* End XCConfigurationList section */

/* Begin XCVersionGroup section */
		99B63330209E3BB600FE2E9E /* CodingChallenge.xcdatamodeld */ = {
			isa = XCVersionGroup;
			children = (
				99B63331209E3BB600FE2E9E /* CodingChallenge.xcdatamodel */,
			);
			currentVersion = 99B63331209E3BB600FE2E9E /* CodingChallenge.xcdatamodel */;
			path = CodingChallenge.xcdatamodeld;
			sourceTree = "<group>";
			versionGroupType = wrapper.xcdatamodel;
		};
/* End XCVersionGroup section */
	};
	rootObject = 99B632F1209E3B1C00FE2E9E /* Project object */;
}
